// !$*UTF8*$!
{
	archiveVersion = 1;
	classes = {
	};
	objectVersion = 55;
	objects = {

/* Begin PBXBuildFile section */
		271A830828FDB1270094667F /* AppDelegate.swift in Sources */ = {isa = PBXBuildFile; fileRef = 271A830728FDB1270094667F /* AppDelegate.swift */; };
		271A830A28FDB1270094667F /* SceneDelegate.swift in Sources */ = {isa = PBXBuildFile; fileRef = 271A830928FDB1270094667F /* SceneDelegate.swift */; };
		271A830F28FDB1270094667F /* Main.storyboard in Resources */ = {isa = PBXBuildFile; fileRef = 271A830D28FDB1270094667F /* Main.storyboard */; };
		271A831228FDB1270094667F /* RxMemo.xcdatamodeld in Sources */ = {isa = PBXBuildFile; fileRef = 271A831028FDB1270094667F /* RxMemo.xcdatamodeld */; };
		271A831428FDB1290094667F /* Assets.xcassets in Resources */ = {isa = PBXBuildFile; fileRef = 271A831328FDB1290094667F /* Assets.xcassets */; };
		271A831728FDB1290094667F /* LaunchScreen.storyboard in Resources */ = {isa = PBXBuildFile; fileRef = 271A831528FDB1290094667F /* LaunchScreen.storyboard */; };
		271A832428FDB67C0094667F /* Memo.swift in Sources */ = {isa = PBXBuildFile; fileRef = 271A832328FDB67C0094667F /* Memo.swift */; };
		271A832628FDB7690094667F /* MemoStorageType.swift in Sources */ = {isa = PBXBuildFile; fileRef = 271A832528FDB7690094667F /* MemoStorageType.swift */; };
		271A832C28FDBA470094667F /* MemoryStorage.swift in Sources */ = {isa = PBXBuildFile; fileRef = 271A832B28FDBA470094667F /* MemoryStorage.swift */; };
		271A832E28FDC01B0094667F /* MemoListViewController.swift in Sources */ = {isa = PBXBuildFile; fileRef = 271A832D28FDC01B0094667F /* MemoListViewController.swift */; };
		271A833028FDC04C0094667F /* MemoDetailViewController.swift in Sources */ = {isa = PBXBuildFile; fileRef = 271A832F28FDC04C0094667F /* MemoDetailViewController.swift */; };
		271A833228FDC0770094667F /* MemoComposeViewController.swift in Sources */ = {isa = PBXBuildFile; fileRef = 271A833128FDC0770094667F /* MemoComposeViewController.swift */; };
		8421D5E8D56C7BBD2BB496E5 /* Pods_RxMemo.framework in Frameworks */ = {isa = PBXBuildFile; fileRef = 850FB6AC920B245CA2EA07A2 /* Pods_RxMemo.framework */; };
/* End PBXBuildFile section */

/* Begin PBXFileReference section */
		271A830428FDB1270094667F /* RxMemo.app */ = {isa = PBXFileReference; explicitFileType = wrapper.application; includeInIndex = 0; path = RxMemo.app; sourceTree = BUILT_PRODUCTS_DIR; };
		271A830728FDB1270094667F /* AppDelegate.swift */ = {isa = PBXFileReference; lastKnownFileType = sourcecode.swift; path = AppDelegate.swift; sourceTree = "<group>"; };
		271A830928FDB1270094667F /* SceneDelegate.swift */ = {isa = PBXFileReference; lastKnownFileType = sourcecode.swift; path = SceneDelegate.swift; sourceTree = "<group>"; };
		271A830E28FDB1270094667F /* Base */ = {isa = PBXFileReference; lastKnownFileType = file.storyboard; name = Base; path = Base.lproj/Main.storyboard; sourceTree = "<group>"; };
		271A831128FDB1270094667F /* RxMemo.xcdatamodel */ = {isa = PBXFileReference; lastKnownFileType = wrapper.xcdatamodel; path = RxMemo.xcdatamodel; sourceTree = "<group>"; };
		271A831328FDB1290094667F /* Assets.xcassets */ = {isa = PBXFileReference; lastKnownFileType = folder.assetcatalog; path = Assets.xcassets; sourceTree = "<group>"; };
		271A831628FDB1290094667F /* Base */ = {isa = PBXFileReference; lastKnownFileType = file.storyboard; name = Base; path = Base.lproj/LaunchScreen.storyboard; sourceTree = "<group>"; };
		271A831828FDB1290094667F /* Info.plist */ = {isa = PBXFileReference; lastKnownFileType = text.plist.xml; path = Info.plist; sourceTree = "<group>"; };
		271A832328FDB67C0094667F /* Memo.swift */ = {isa = PBXFileReference; lastKnownFileType = sourcecode.swift; path = Memo.swift; sourceTree = "<group>"; };
		271A832528FDB7690094667F /* MemoStorageType.swift */ = {isa = PBXFileReference; lastKnownFileType = sourcecode.swift; path = MemoStorageType.swift; sourceTree = "<group>"; };
		271A832B28FDBA470094667F /* MemoryStorage.swift */ = {isa = PBXFileReference; lastKnownFileType = sourcecode.swift; path = MemoryStorage.swift; sourceTree = "<group>"; };
		271A832D28FDC01B0094667F /* MemoListViewController.swift */ = {isa = PBXFileReference; lastKnownFileType = sourcecode.swift; path = MemoListViewController.swift; sourceTree = "<group>"; };
		271A832F28FDC04C0094667F /* MemoDetailViewController.swift */ = {isa = PBXFileReference; lastKnownFileType = sourcecode.swift; path = MemoDetailViewController.swift; sourceTree = "<group>"; };
		271A833128FDC0770094667F /* MemoComposeViewController.swift */ = {isa = PBXFileReference; lastKnownFileType = sourcecode.swift; path = MemoComposeViewController.swift; sourceTree = "<group>"; };
		732B5033BD44C352BBCFDEDC /* Pods-RxMemo.debug.xcconfig */ = {isa = PBXFileReference; includeInIndex = 1; lastKnownFileType = text.xcconfig; name = "Pods-RxMemo.debug.xcconfig"; path = "Target Support Files/Pods-RxMemo/Pods-RxMemo.debug.xcconfig"; sourceTree = "<group>"; };
		850FB6AC920B245CA2EA07A2 /* Pods_RxMemo.framework */ = {isa = PBXFileReference; explicitFileType = wrapper.framework; includeInIndex = 0; path = Pods_RxMemo.framework; sourceTree = BUILT_PRODUCTS_DIR; };
		A8818BB69BEB2EAB977BB660 /* Pods-RxMemo.release.xcconfig */ = {isa = PBXFileReference; includeInIndex = 1; lastKnownFileType = text.xcconfig; name = "Pods-RxMemo.release.xcconfig"; path = "Target Support Files/Pods-RxMemo/Pods-RxMemo.release.xcconfig"; sourceTree = "<group>"; };
/* End PBXFileReference section */

/* Begin PBXFrameworksBuildPhase section */
		271A830128FDB1270094667F /* Frameworks */ = {
			isa = PBXFrameworksBuildPhase;
			buildActionMask = 2147483647;
			files = (
				8421D5E8D56C7BBD2BB496E5 /* Pods_RxMemo.framework in Frameworks */,
			);
			runOnlyForDeploymentPostprocessing = 0;
		};
/* End PBXFrameworksBuildPhase section */

/* Begin PBXGroup section */
		1624714A67833CFD2A58976D /* Frameworks */ = {
			isa = PBXGroup;
			children = (
				850FB6AC920B245CA2EA07A2 /* Pods_RxMemo.framework */,
			);
			name = Frameworks;
			sourceTree = "<group>";
		};
		271A82FB28FDB1270094667F = {
			isa = PBXGroup;
			children = (
				271A830628FDB1270094667F /* RxMemo */,
				271A830528FDB1270094667F /* Products */,
				42426120B63327ECF9C98050 /* Pods */,
				1624714A67833CFD2A58976D /* Frameworks */,
			);
			sourceTree = "<group>";
		};
		271A830528FDB1270094667F /* Products */ = {
			isa = PBXGroup;
			children = (
				271A830428FDB1270094667F /* RxMemo.app */,
			);
			name = Products;
			sourceTree = "<group>";
		};
		271A830628FDB1270094667F /* RxMemo */ = {
			isa = PBXGroup;
			children = (
				271A832228FDB3FE0094667F /* Scene */,
				271A832128FDB3E50094667F /* Service */,
				271A832028FDB3D30094667F /* ViewModel */,
				271A831F28FDB3B50094667F /* ViewController */,
				271A831E28FDB3AD0094667F /* Model */,
				271A830728FDB1270094667F /* AppDelegate.swift */,
				271A830928FDB1270094667F /* SceneDelegate.swift */,
				271A831328FDB1290094667F /* Assets.xcassets */,
				271A831828FDB1290094667F /* Info.plist */,
			);
			path = RxMemo;
			sourceTree = "<group>";
		};
		271A831E28FDB3AD0094667F /* Model */ = {
			isa = PBXGroup;
			children = (
				271A832328FDB67C0094667F /* Memo.swift */,
			);
			path = Model;
			sourceTree = "<group>";
		};
		271A831F28FDB3B50094667F /* ViewController */ = {
			isa = PBXGroup;
			children = (
				271A830D28FDB1270094667F /* Main.storyboard */,
				271A831528FDB1290094667F /* LaunchScreen.storyboard */,
				271A832D28FDC01B0094667F /* MemoListViewController.swift */,
				271A832F28FDC04C0094667F /* MemoDetailViewController.swift */,
				271A833128FDC0770094667F /* MemoComposeViewController.swift */,
			);
			path = ViewController;
			sourceTree = "<group>";
		};
		271A832028FDB3D30094667F /* ViewModel */ = {
			isa = PBXGroup;
			children = (
			);
			path = ViewModel;
			sourceTree = "<group>";
		};
		271A832128FDB3E50094667F /* Service */ = {
			isa = PBXGroup;
			children = (
				271A832A28FDBA1D0094667F /* MemoryStorage */,
				271A832928FDBA0A0094667F /* CoreDataStorage */,
				271A832528FDB7690094667F /* MemoStorageType.swift */,
			);
			path = Service;
			sourceTree = "<group>";
		};
		271A832228FDB3FE0094667F /* Scene */ = {
			isa = PBXGroup;
			children = (
			);
			path = Scene;
			sourceTree = "<group>";
		};
		271A832928FDBA0A0094667F /* CoreDataStorage */ = {
			isa = PBXGroup;
			children = (
				271A831028FDB1270094667F /* RxMemo.xcdatamodeld */,
			);
			path = CoreDataStorage;
			sourceTree = "<group>";
		};
		271A832A28FDBA1D0094667F /* MemoryStorage */ = {
			isa = PBXGroup;
			children = (
				271A832B28FDBA470094667F /* MemoryStorage.swift */,
			);
			path = MemoryStorage;
			sourceTree = "<group>";
		};
		42426120B63327ECF9C98050 /* Pods */ = {
			isa = PBXGroup;
			children = (
				732B5033BD44C352BBCFDEDC /* Pods-RxMemo.debug.xcconfig */,
				A8818BB69BEB2EAB977BB660 /* Pods-RxMemo.release.xcconfig */,
			);
			path = Pods;
			sourceTree = "<group>";
		};
/* End PBXGroup section */

/* Begin PBXNativeTarget section */
		271A830328FDB1270094667F /* RxMemo */ = {
			isa = PBXNativeTarget;
			buildConfigurationList = 271A831B28FDB1290094667F /* Build configuration list for PBXNativeTarget "RxMemo" */;
			buildPhases = (
				62C9FD2A4BE0C0C5F1F30AF7 /* [CP] Check Pods Manifest.lock */,
				271A830028FDB1270094667F /* Sources */,
				271A830128FDB1270094667F /* Frameworks */,
				271A830228FDB1270094667F /* Resources */,
				F4E9E707ED9F27838FB6728E /* [CP] Embed Pods Frameworks */,
			);
			buildRules = (
			);
			dependencies = (
			);
			name = RxMemo;
			productName = RxMemo;
			productReference = 271A830428FDB1270094667F /* RxMemo.app */;
			productType = "com.apple.product-type.application";
		};
/* End PBXNativeTarget section */

/* Begin PBXProject section */
		271A82FC28FDB1270094667F /* Project object */ = {
			isa = PBXProject;
			attributes = {
				BuildIndependentTargetsInParallel = 1;
				LastSwiftUpdateCheck = 1340;
				LastUpgradeCheck = 1340;
				TargetAttributes = {
					271A830328FDB1270094667F = {
						CreatedOnToolsVersion = 13.4.1;
					};
				};
			};
			buildConfigurationList = 271A82FF28FDB1270094667F /* Build configuration list for PBXProject "RxMemo" */;
			compatibilityVersion = "Xcode 13.0";
			developmentRegion = en;
			hasScannedForEncodings = 0;
			knownRegions = (
				en,
				Base,
			);
			mainGroup = 271A82FB28FDB1270094667F;
			productRefGroup = 271A830528FDB1270094667F /* Products */;
			projectDirPath = "";
			projectRoot = "";
			targets = (
				271A830328FDB1270094667F /* RxMemo */,
			);
		};
/* End PBXProject section */

/* Begin PBXResourcesBuildPhase section */
		271A830228FDB1270094667F /* Resources */ = {
			isa = PBXResourcesBuildPhase;
			buildActionMask = 2147483647;
			files = (
				271A831728FDB1290094667F /* LaunchScreen.storyboard in Resources */,
				271A831428FDB1290094667F /* Assets.xcassets in Resources */,
				271A830F28FDB1270094667F /* Main.storyboard in Resources */,
			);
			runOnlyForDeploymentPostprocessing = 0;
		};
/* End PBXResourcesBuildPhase section */

/* Begin PBXShellScriptBuildPhase section */
		62C9FD2A4BE0C0C5F1F30AF7 /* [CP] Check Pods Manifest.lock */ = {
			isa = PBXShellScriptBuildPhase;
			buildActionMask = 2147483647;
			files = (
			);
			inputFileListPaths = (
			);
			inputPaths = (
				"${PODS_PODFILE_DIR_PATH}/Podfile.lock",
				"${PODS_ROOT}/Manifest.lock",
			);
			name = "[CP] Check Pods Manifest.lock";
			outputFileListPaths = (
			);
			outputPaths = (
				"$(DERIVED_FILE_DIR)/Pods-RxMemo-checkManifestLockResult.txt",
			);
			runOnlyForDeploymentPostprocessing = 0;
			shellPath = /bin/sh;
			shellScript = "diff \"${PODS_PODFILE_DIR_PATH}/Podfile.lock\" \"${PODS_ROOT}/Manifest.lock\" > /dev/null\nif [ $? != 0 ] ; then\n    # print error to STDERR\n    echo \"error: The sandbox is not in sync with the Podfile.lock. Run 'pod install' or update your CocoaPods installation.\" >&2\n    exit 1\nfi\n# This output is used by Xcode 'outputs' to avoid re-running this script phase.\necho \"SUCCESS\" > \"${SCRIPT_OUTPUT_FILE_0}\"\n";
			showEnvVarsInLog = 0;
		};
		F4E9E707ED9F27838FB6728E /* [CP] Embed Pods Frameworks */ = {
			isa = PBXShellScriptBuildPhase;
			buildActionMask = 2147483647;
			files = (
			);
			inputFileListPaths = (
				"${PODS_ROOT}/Target Support Files/Pods-RxMemo/Pods-RxMemo-frameworks-${CONFIGURATION}-input-files.xcfilelist",
			);
			name = "[CP] Embed Pods Frameworks";
			outputFileListPaths = (
				"${PODS_ROOT}/Target Support Files/Pods-RxMemo/Pods-RxMemo-frameworks-${CONFIGURATION}-output-files.xcfilelist",
			);
			runOnlyForDeploymentPostprocessing = 0;
			shellPath = /bin/sh;
			shellScript = "\"${PODS_ROOT}/Target Support Files/Pods-RxMemo/Pods-RxMemo-frameworks.sh\"\n";
			showEnvVarsInLog = 0;
		};
/* End PBXShellScriptBuildPhase section */

/* Begin PBXSourcesBuildPhase section */
		271A830028FDB1270094667F /* Sources */ = {
			isa = PBXSourcesBuildPhase;
			buildActionMask = 2147483647;
			files = (
				271A832C28FDBA470094667F /* MemoryStorage.swift in Sources */,
				271A833028FDC04C0094667F /* MemoDetailViewController.swift in Sources */,
				271A830828FDB1270094667F /* AppDelegate.swift in Sources */,
				271A832628FDB7690094667F /* MemoStorageType.swift in Sources */,
				271A830A28FDB1270094667F /* SceneDelegate.swift in Sources */,
				271A831228FDB1270094667F /* RxMemo.xcdatamodeld in Sources */,
				271A832E28FDC01B0094667F /* MemoListViewController.swift in Sources */,
				271A833228FDC0770094667F /* MemoComposeViewController.swift in Sources */,
				271A832428FDB67C0094667F /* Memo.swift in Sources */,
			);
			runOnlyForDeploymentPostprocessing = 0;
		};
/* End PBXSourcesBuildPhase section */

/* Begin PBXVariantGroup section */
		271A830D28FDB1270094667F /* Main.storyboard */ = {
			isa = PBXVariantGroup;
			children = (
				271A830E28FDB1270094667F /* Base */,
			);
			name = Main.storyboard;
			sourceTree = "<group>";
		};
		271A831528FDB1290094667F /* LaunchScreen.storyboard */ = {
			isa = PBXVariantGroup;
			children = (
				271A831628FDB1290094667F /* Base */,
			);
			name = LaunchScreen.storyboard;
			sourceTree = "<group>";
		};
/* End PBXVariantGroup section */

/* Begin XCBuildConfiguration section */
		271A831928FDB1290094667F /* Debug */ = {
			isa = XCBuildConfiguration;
			buildSettings = {
				ALWAYS_SEARCH_USER_PATHS = NO;
				CLANG_ANALYZER_NONNULL = YES;
				CLANG_ANALYZER_NUMBER_OBJECT_CONVERSION = YES_AGGRESSIVE;
				CLANG_CXX_LANGUAGE_STANDARD = "gnu++17";
				CLANG_ENABLE_MODULES = YES;
				CLANG_ENABLE_OBJC_ARC = YES;
				CLANG_ENABLE_OBJC_WEAK = YES;
				CLANG_WARN_BLOCK_CAPTURE_AUTORELEASING = YES;
				CLANG_WARN_BOOL_CONVERSION = YES;
				CLANG_WARN_COMMA = YES;
				CLANG_WARN_CONSTANT_CONVERSION = YES;
				CLANG_WARN_DEPRECATED_OBJC_IMPLEMENTATIONS = YES;
				CLANG_WARN_DIRECT_OBJC_ISA_USAGE = YES_ERROR;
				CLANG_WARN_DOCUMENTATION_COMMENTS = YES;
				CLANG_WARN_EMPTY_BODY = YES;
				CLANG_WARN_ENUM_CONVERSION = YES;
				CLANG_WARN_INFINITE_RECURSION = YES;
				CLANG_WARN_INT_CONVERSION = YES;
				CLANG_WARN_NON_LITERAL_NULL_CONVERSION = YES;
				CLANG_WARN_OBJC_IMPLICIT_RETAIN_SELF = YES;
				CLANG_WARN_OBJC_LITERAL_CONVERSION = YES;
				CLANG_WARN_OBJC_ROOT_CLASS = YES_ERROR;
				CLANG_WARN_QUOTED_INCLUDE_IN_FRAMEWORK_HEADER = YES;
				CLANG_WARN_RANGE_LOOP_ANALYSIS = YES;
				CLANG_WARN_STRICT_PROTOTYPES = YES;
				CLANG_WARN_SUSPICIOUS_MOVE = YES;
				CLANG_WARN_UNGUARDED_AVAILABILITY = YES_AGGRESSIVE;
				CLANG_WARN_UNREACHABLE_CODE = YES;
				CLANG_WARN__DUPLICATE_METHOD_MATCH = YES;
				COPY_PHASE_STRIP = NO;
				DEBUG_INFORMATION_FORMAT = dwarf;
				ENABLE_STRICT_OBJC_MSGSEND = YES;
				ENABLE_TESTABILITY = YES;
				GCC_C_LANGUAGE_STANDARD = gnu11;
				GCC_DYNAMIC_NO_PIC = NO;
				GCC_NO_COMMON_BLOCKS = YES;
				GCC_OPTIMIZATION_LEVEL = 0;
				GCC_PREPROCESSOR_DEFINITIONS = (
					"DEBUG=1",
					"$(inherited)",
				);
				GCC_WARN_64_TO_32_BIT_CONVERSION = YES;
				GCC_WARN_ABOUT_RETURN_TYPE = YES_ERROR;
				GCC_WARN_UNDECLARED_SELECTOR = YES;
				GCC_WARN_UNINITIALIZED_AUTOS = YES_AGGRESSIVE;
				GCC_WARN_UNUSED_FUNCTION = YES;
				GCC_WARN_UNUSED_VARIABLE = YES;
				IPHONEOS_DEPLOYMENT_TARGET = 15.5;
				MTL_ENABLE_DEBUG_INFO = INCLUDE_SOURCE;
				MTL_FAST_MATH = YES;
				ONLY_ACTIVE_ARCH = YES;
				SDKROOT = iphoneos;
				SWIFT_ACTIVE_COMPILATION_CONDITIONS = DEBUG;
				SWIFT_OPTIMIZATION_LEVEL = "-Onone";
			};
			name = Debug;
		};
		271A831A28FDB1290094667F /* Release */ = {
			isa = XCBuildConfiguration;
			buildSettings = {
				ALWAYS_SEARCH_USER_PATHS = NO;
				CLANG_ANALYZER_NONNULL = YES;
				CLANG_ANALYZER_NUMBER_OBJECT_CONVERSION = YES_AGGRESSIVE;
				CLANG_CXX_LANGUAGE_STANDARD = "gnu++17";
				CLANG_ENABLE_MODULES = YES;
				CLANG_ENABLE_OBJC_ARC = YES;
				CLANG_ENABLE_OBJC_WEAK = YES;
				CLANG_WARN_BLOCK_CAPTURE_AUTORELEASING = YES;
				CLANG_WARN_BOOL_CONVERSION = YES;
				CLANG_WARN_COMMA = YES;
				CLANG_WARN_CONSTANT_CONVERSION = YES;
				CLANG_WARN_DEPRECATED_OBJC_IMPLEMENTATIONS = YES;
				CLANG_WARN_DIRECT_OBJC_ISA_USAGE = YES_ERROR;
				CLANG_WARN_DOCUMENTATION_COMMENTS = YES;
				CLANG_WARN_EMPTY_BODY = YES;
				CLANG_WARN_ENUM_CONVERSION = YES;
				CLANG_WARN_INFINITE_RECURSION = YES;
				CLANG_WARN_INT_CONVERSION = YES;
				CLANG_WARN_NON_LITERAL_NULL_CONVERSION = YES;
				CLANG_WARN_OBJC_IMPLICIT_RETAIN_SELF = YES;
				CLANG_WARN_OBJC_LITERAL_CONVERSION = YES;
				CLANG_WARN_OBJC_ROOT_CLASS = YES_ERROR;
				CLANG_WARN_QUOTED_INCLUDE_IN_FRAMEWORK_HEADER = YES;
				CLANG_WARN_RANGE_LOOP_ANALYSIS = YES;
				CLANG_WARN_STRICT_PROTOTYPES = YES;
				CLANG_WARN_SUSPICIOUS_MOVE = YES;
				CLANG_WARN_UNGUARDED_AVAILABILITY = YES_AGGRESSIVE;
				CLANG_WARN_UNREACHABLE_CODE = YES;
				CLANG_WARN__DUPLICATE_METHOD_MATCH = YES;
				COPY_PHASE_STRIP = NO;
				DEBUG_INFORMATION_FORMAT = "dwarf-with-dsym";
				ENABLE_NS_ASSERTIONS = NO;
				ENABLE_STRICT_OBJC_MSGSEND = YES;
				GCC_C_LANGUAGE_STANDARD = gnu11;
				GCC_NO_COMMON_BLOCKS = YES;
				GCC_WARN_64_TO_32_BIT_CONVERSION = YES;
				GCC_WARN_ABOUT_RETURN_TYPE = YES_ERROR;
				GCC_WARN_UNDECLARED_SELECTOR = YES;
				GCC_WARN_UNINITIALIZED_AUTOS = YES_AGGRESSIVE;
				GCC_WARN_UNUSED_FUNCTION = YES;
				GCC_WARN_UNUSED_VARIABLE = YES;
				IPHONEOS_DEPLOYMENT_TARGET = 15.5;
				MTL_ENABLE_DEBUG_INFO = NO;
				MTL_FAST_MATH = YES;
				SDKROOT = iphoneos;
				SWIFT_COMPILATION_MODE = wholemodule;
				SWIFT_OPTIMIZATION_LEVEL = "-O";
				VALIDATE_PRODUCT = YES;
			};
			name = Release;
		};
		271A831C28FDB1290094667F /* Debug */ = {
			isa = XCBuildConfiguration;
			baseConfigurationReference = 732B5033BD44C352BBCFDEDC /* Pods-RxMemo.debug.xcconfig */;
			buildSettings = {
				ASSETCATALOG_COMPILER_APPICON_NAME = AppIcon;
				ASSETCATALOG_COMPILER_GLOBAL_ACCENT_COLOR_NAME = AccentColor;
				CODE_SIGN_STYLE = Automatic;
				CURRENT_PROJECT_VERSION = 1;
				DEVELOPMENT_TEAM = 82J7RU93V4;
				GENERATE_INFOPLIST_FILE = YES;
				INFOPLIST_FILE = RxMemo/Info.plist;
				INFOPLIST_KEY_UIApplicationSupportsIndirectInputEvents = YES;
				INFOPLIST_KEY_UILaunchStoryboardName = LaunchScreen;
				INFOPLIST_KEY_UIMainStoryboardFile = Main;
				INFOPLIST_KEY_UISupportedInterfaceOrientations_iPad = "UIInterfaceOrientationPortrait UIInterfaceOrientationPortraitUpsideDown UIInterfaceOrientationLandscapeLeft UIInterfaceOrientationLandscapeRight";
				INFOPLIST_KEY_UISupportedInterfaceOrientations_iPhone = "UIInterfaceOrientationPortrait UIInterfaceOrientationLandscapeLeft UIInterfaceOrientationLandscapeRight";
				IPHONEOS_DEPLOYMENT_TARGET = 13.0;
				LD_RUNPATH_SEARCH_PATHS = (
					"$(inherited)",
					"@executable_path/Frameworks",
				);
				MARKETING_VERSION = 1.0;
				PRODUCT_BUNDLE_IDENTIFIER = Bromp.RxMemo;
				PRODUCT_NAME = "$(TARGET_NAME)";
				SWIFT_EMIT_LOC_STRINGS = YES;
				SWIFT_VERSION = 5.0;
				TARGETED_DEVICE_FAMILY = "1,2";
			};
			name = Debug;
		};
		271A831D28FDB1290094667F /* Release */ = {
			isa = XCBuildConfiguration;
			baseConfigurationReference = A8818BB69BEB2EAB977BB660 /* Pods-RxMemo.release.xcconfig */;
			buildSettings = {
				ASSETCATALOG_COMPILER_APPICON_NAME = AppIcon;
				ASSETCATALOG_COMPILER_GLOBAL_ACCENT_COLOR_NAME = AccentColor;
				CODE_SIGN_STYLE = Automatic;
				CURRENT_PROJECT_VERSION = 1;
				DEVELOPMENT_TEAM = 82J7RU93V4;
				GENERATE_INFOPLIST_FILE = YES;
				INFOPLIST_FILE = RxMemo/Info.plist;
				INFOPLIST_KEY_UIApplicationSupportsIndirectInputEvents = YES;
				INFOPLIST_KEY_UILaunchStoryboardName = LaunchScreen;
				INFOPLIST_KEY_UIMainStoryboardFile = Main;
				INFOPLIST_KEY_UISupportedInterfaceOrientations_iPad = "UIInterfaceOrientationPortrait UIInterfaceOrientationPortraitUpsideDown UIInterfaceOrientationLandscapeLeft UIInterfaceOrientationLandscapeRight";
				INFOPLIST_KEY_UISupportedInterfaceOrientations_iPhone = "UIInterfaceOrientationPortrait UIInterfaceOrientationLandscapeLeft UIInterfaceOrientationLandscapeRight";
				IPHONEOS_DEPLOYMENT_TARGET = 13.0;
				LD_RUNPATH_SEARCH_PATHS = (
					"$(inherited)",
					"@executable_path/Frameworks",
				);
				MARKETING_VERSION = 1.0;
				PRODUCT_BUNDLE_IDENTIFIER = Bromp.RxMemo;
				PRODUCT_NAME = "$(TARGET_NAME)";
				SWIFT_EMIT_LOC_STRINGS = YES;
				SWIFT_VERSION = 5.0;
				TARGETED_DEVICE_FAMILY = "1,2";
			};
			name = Release;
		};
/* End XCBuildConfiguration section */

/* Begin XCConfigurationList section */
		271A82FF28FDB1270094667F /* Build configuration list for PBXProject "RxMemo" */ = {
			isa = XCConfigurationList;
			buildConfigurations = (
				271A831928FDB1290094667F /* Debug */,
				271A831A28FDB1290094667F /* Release */,
			);
			defaultConfigurationIsVisible = 0;
			defaultConfigurationName = Release;
		};
		271A831B28FDB1290094667F /* Build configuration list for PBXNativeTarget "RxMemo" */ = {
			isa = XCConfigurationList;
			buildConfigurations = (
				271A831C28FDB1290094667F /* Debug */,
				271A831D28FDB1290094667F /* Release */,
			);
			defaultConfigurationIsVisible = 0;
			defaultConfigurationName = Release;
		};
/* End XCConfigurationList section */

/* Begin XCVersionGroup section */
		271A831028FDB1270094667F /* RxMemo.xcdatamodeld */ = {
			isa = XCVersionGroup;
			children = (
				271A831128FDB1270094667F /* RxMemo.xcdatamodel */,
			);
			currentVersion = 271A831128FDB1270094667F /* RxMemo.xcdatamodel */;
			path = RxMemo.xcdatamodeld;
			sourceTree = "<group>";
			versionGroupType = wrapper.xcdatamodel;
		};
/* End XCVersionGroup section */
	};
	rootObject = 271A82FC28FDB1270094667F /* Project object */;
}
